// !$*UTF8*$!
{
	archiveVersion = 1;
	classes = {
	};
	objectVersion = 77;
	objects = {

/* Begin PBXContainerItemProxy section */
		3296897C2D8A1C4B00F7BA75 /* PBXContainerItemProxy */ = {
			isa = PBXContainerItemProxy;
			containerPortal = 329689632D8A1C4900F7BA75 /* Project object */;
			proxyType = 1;
			remoteGlobalIDString = 3296896A2D8A1C4900F7BA75;
			remoteInfo = TrafficLightApp;
		};
		329689862D8A1C4B00F7BA75 /* PBXContainerItemProxy */ = {
			isa = PBXContainerItemProxy;
			containerPortal = 329689632D8A1C4900F7BA75 /* Project object */;
			proxyType = 1;
			remoteGlobalIDString = 3296896A2D8A1C4900F7BA75;
			remoteInfo = TrafficLightApp;
		};
/* End PBXContainerItemProxy section */

/* Begin PBXFileReference section */
		3296896B2D8A1C4900F7BA75 /* TrafficLightApp.app */ = {isa = PBXFileReference; explicitFileType = wrapper.application; includeInIndex = 0; path = TrafficLightApp.app; sourceTree = BUILT_PRODUCTS_DIR; };
		3296897B2D8A1C4B00F7BA75 /* TrafficLightAppTests.xctest */ = {isa = PBXFileReference; explicitFileType = wrapper.cfbundle; includeInIndex = 0; path = TrafficLightAppTests.xctest; sourceTree = BUILT_PRODUCTS_DIR; };
		329689852D8A1C4B00F7BA75 /* TrafficLightAppUITests.xctest */ = {isa = PBXFileReference; explicitFileType = wrapper.cfbundle; includeInIndex = 0; path = TrafficLightAppUITests.xctest; sourceTree = BUILT_PRODUCTS_DIR; };
/* End PBXFileReference section */

/* Begin PBXFileSystemSynchronizedRootGroup section */
		3296896D2D8A1C4900F7BA75 /* TrafficLightApp */ = {
			isa = PBXFileSystemSynchronizedRootGroup;
			path = TrafficLightApp;
			sourceTree = "<group>";
		};
		3296897E2D8A1C4B00F7BA75 /* TrafficLightAppTests */ = {
			isa = PBXFileSystemSynchronizedRootGroup;
			path = TrafficLightAppTests;
			sourceTree = "<group>";
		};
		329689882D8A1C4B00F7BA75 /* TrafficLightAppUITests */ = {
			isa = PBXFileSystemSynchronizedRootGroup;
			path = TrafficLightAppUITests;
			sourceTree = "<group>";
		};
/* End PBXFileSystemSynchronizedRootGroup section */

/* Begin PBXFrameworksBuildPhase section */
		329689682D8A1C4900F7BA75 /* Frameworks */ = {
			isa = PBXFrameworksBuildPhase;
			buildActionMask = 2147483647;
			files = (
			);
			runOnlyForDeploymentPostprocessing = 0;
		};
		329689782D8A1C4B00F7BA75 /* Frameworks */ = {
			isa = PBXFrameworksBuildPhase;
			buildActionMask = 2147483647;
			files = (
			);
			runOnlyForDeploymentPostprocessing = 0;
		};
		329689822D8A1C4B00F7BA75 /* Frameworks */ = {
			isa = PBXFrameworksBuildPhase;
			buildActionMask = 2147483647;
			files = (
			);
			runOnlyForDeploymentPostprocessing = 0;
		};
/* End PBXFrameworksBuildPhase section */

/* Begin PBXGroup section */
		329689622D8A1C4900F7BA75 = {
			isa = PBXGroup;
			children = (
				3296896D2D8A1C4900F7BA75 /* TrafficLightApp */,
				3296897E2D8A1C4B00F7BA75 /* TrafficLightAppTests */,
				329689882D8A1C4B00F7BA75 /* TrafficLightAppUITests */,
				3296896C2D8A1C4900F7BA75 /* Products */,
			);
			sourceTree = "<group>";
		};
		3296896C2D8A1C4900F7BA75 /* Products */ = {
			isa = PBXGroup;
			children = (
				3296896B2D8A1C4900F7BA75 /* TrafficLightApp.app */,
				3296897B2D8A1C4B00F7BA75 /* TrafficLightAppTests.xctest */,
				329689852D8A1C4B00F7BA75 /* TrafficLightAppUITests.xctest */,
			);
			name = Products;
			sourceTree = "<group>";
		};
/* End PBXGroup section */

/* Begin PBXNativeTarget section */
		3296896A2D8A1C4900F7BA75 /* TrafficLightApp */ = {
			isa = PBXNativeTarget;
			buildConfigurationList = 3296898F2D8A1C4B00F7BA75 /* Build configuration list for PBXNativeTarget "TrafficLightApp" */;
			buildPhases = (
				329689672D8A1C4900F7BA75 /* Sources */,
				329689682D8A1C4900F7BA75 /* Frameworks */,
				329689692D8A1C4900F7BA75 /* Resources */,
			);
			buildRules = (
			);
			dependencies = (
			);
			fileSystemSynchronizedGroups = (
				3296896D2D8A1C4900F7BA75 /* TrafficLightApp */,
			);
			name = TrafficLightApp;
			packageProductDependencies = (
			);
			productName = TrafficLightApp;
			productReference = 3296896B2D8A1C4900F7BA75 /* TrafficLightApp.app */;
			productType = "com.apple.product-type.application";
		};
		3296897A2D8A1C4B00F7BA75 /* TrafficLightAppTests */ = {
			isa = PBXNativeTarget;
			buildConfigurationList = 329689922D8A1C4B00F7BA75 /* Build configuration list for PBXNativeTarget "TrafficLightAppTests" */;
			buildPhases = (
				329689772D8A1C4B00F7BA75 /* Sources */,
				329689782D8A1C4B00F7BA75 /* Frameworks */,
				329689792D8A1C4B00F7BA75 /* Resources */,
			);
			buildRules = (
			);
			dependencies = (
				3296897D2D8A1C4B00F7BA75 /* PBXTargetDependency */,
			);
			fileSystemSynchronizedGroups = (
				3296897E2D8A1C4B00F7BA75 /* TrafficLightAppTests */,
			);
			name = TrafficLightAppTests;
			packageProductDependencies = (
			);
			productName = TrafficLightAppTests;
			productReference = 3296897B2D8A1C4B00F7BA75 /* TrafficLightAppTests.xctest */;
			productType = "com.apple.product-type.bundle.unit-test";
		};
		329689842D8A1C4B00F7BA75 /* TrafficLightAppUITests */ = {
			isa = PBXNativeTarget;
			buildConfigurationList = 329689952D8A1C4B00F7BA75 /* Build configuration list for PBXNativeTarget "TrafficLightAppUITests" */;
			buildPhases = (
				329689812D8A1C4B00F7BA75 /* Sources */,
				329689822D8A1C4B00F7BA75 /* Frameworks */,
				329689832D8A1C4B00F7BA75 /* Resources */,
			);
			buildRules = (
			);
			dependencies = (
				329689872D8A1C4B00F7BA75 /* PBXTargetDependency */,
			);
			fileSystemSynchronizedGroups = (
				329689882D8A1C4B00F7BA75 /* TrafficLightAppUITests */,
			);
			name = TrafficLightAppUITests;
			packageProductDependencies = (
			);
			productName = TrafficLightAppUITests;
			productReference = 329689852D8A1C4B00F7BA75 /* TrafficLightAppUITests.xctest */;
			productType = "com.apple.product-type.bundle.ui-testing";
		};
/* End PBXNativeTarget section */

/* Begin PBXProject section */
		329689632D8A1C4900F7BA75 /* Project object */ = {
			isa = PBXProject;
			attributes = {
				BuildIndependentTargetsInParallel = 1;
				LastSwiftUpdateCheck = 1600;
				LastUpgradeCheck = 1600;
				TargetAttributes = {
					3296896A2D8A1C4900F7BA75 = {
						CreatedOnToolsVersion = 16.0;
					};
					3296897A2D8A1C4B00F7BA75 = {
						CreatedOnToolsVersion = 16.0;
						TestTargetID = 3296896A2D8A1C4900F7BA75;
					};
					329689842D8A1C4B00F7BA75 = {
						CreatedOnToolsVersion = 16.0;
						TestTargetID = 3296896A2D8A1C4900F7BA75;
					};
				};
			};
			buildConfigurationList = 329689662D8A1C4900F7BA75 /* Build configuration list for PBXProject "TrafficLightApp" */;
			developmentRegion = en;
			hasScannedForEncodings = 0;
			knownRegions = (
				en,
				Base,
			);
			mainGroup = 329689622D8A1C4900F7BA75;
			minimizedProjectReferenceProxies = 1;
			preferredProjectObjectVersion = 77;
			productRefGroup = 3296896C2D8A1C4900F7BA75 /* Products */;
			projectDirPath = "";
			projectRoot = "";
			targets = (
				3296896A2D8A1C4900F7BA75 /* TrafficLightApp */,
				3296897A2D8A1C4B00F7BA75 /* TrafficLightAppTests */,
				329689842D8A1C4B00F7BA75 /* TrafficLightAppUITests */,
			);
		};
/* End PBXProject section */

/* Begin PBXResourcesBuildPhase section */
		329689692D8A1C4900F7BA75 /* Resources */ = {
			isa = PBXResourcesBuildPhase;
			buildActionMask = 2147483647;
			files = (
			);
			runOnlyForDeploymentPostprocessing = 0;
		};
		329689792D8A1C4B00F7BA75 /* Resources */ = {
			isa = PBXResourcesBuildPhase;
			buildActionMask = 2147483647;
			files = (
			);
			runOnlyForDeploymentPostprocessing = 0;
		};
		329689832D8A1C4B00F7BA75 /* Resources */ = {
			isa = PBXResourcesBuildPhase;
			buildActionMask = 2147483647;
			files = (
			);
			runOnlyForDeploymentPostprocessing = 0;
		};
/* End PBXResourcesBuildPhase section */

/* Begin PBXSourcesBuildPhase section */
		329689672D8A1C4900F7BA75 /* Sources */ = {
			isa = PBXSourcesBuildPhase;
			buildActionMask = 2147483647;
			files = (
			);
			runOnlyForDeploymentPostprocessing = 0;
		};
		329689772D8A1C4B00F7BA75 /* Sources */ = {
			isa = PBXSourcesBuildPhase;
			buildActionMask = 2147483647;
			files = (
			);
			runOnlyForDeploymentPostprocessing = 0;
		};
		329689812D8A1C4B00F7BA75 /* Sources */ = {
			isa = PBXSourcesBuildPhase;
			buildActionMask = 2147483647;
			files = (
			);
			runOnlyForDeploymentPostprocessing = 0;
		};
/* End PBXSourcesBuildPhase section */

/* Begin PBXTargetDependency section */
		3296897D2D8A1C4B00F7BA75 /* PBXTargetDependency */ = {
			isa = PBXTargetDependency;
			target = 3296896A2D8A1C4900F7BA75 /* TrafficLightApp */;
			targetProxy = 3296897C2D8A1C4B00F7BA75 /* PBXContainerItemProxy */;
		};
		329689872D8A1C4B00F7BA75 /* PBXTargetDependency */ = {
			isa = PBXTargetDependency;
			target = 3296896A2D8A1C4900F7BA75 /* TrafficLightApp */;
			targetProxy = 329689862D8A1C4B00F7BA75 /* PBXContainerItemProxy */;
		};
/* End PBXTargetDependency section */

/* Begin XCBuildConfiguration section */
		3296898D2D8A1C4B00F7BA75 /* Debug */ = {
			isa = XCBuildConfiguration;
			buildSettings = {
				ALWAYS_SEARCH_USER_PATHS = NO;
				ASSETCATALOG_COMPILER_GENERATE_SWIFT_ASSET_SYMBOL_EXTENSIONS = YES;
				CLANG_ANALYZER_NONNULL = YES;
				CLANG_ANALYZER_NUMBER_OBJECT_CONVERSION = YES_AGGRESSIVE;
				CLANG_CXX_LANGUAGE_STANDARD = "gnu++20";
				CLANG_ENABLE_MODULES = YES;
				CLANG_ENABLE_OBJC_ARC = YES;
				CLANG_ENABLE_OBJC_WEAK = YES;
				CLANG_WARN_BLOCK_CAPTURE_AUTORELEASING = YES;
				CLANG_WARN_BOOL_CONVERSION = YES;
				CLANG_WARN_COMMA = YES;
				CLANG_WARN_CONSTANT_CONVERSION = YES;
				CLANG_WARN_DEPRECATED_OBJC_IMPLEMENTATIONS = YES;
				CLANG_WARN_DIRECT_OBJC_ISA_USAGE = YES_ERROR;
				CLANG_WARN_DOCUMENTATION_COMMENTS = YES;
				CLANG_WARN_EMPTY_BODY = YES;
				CLANG_WARN_ENUM_CONVERSION = YES;
				CLANG_WARN_INFINITE_RECURSION = YES;
				CLANG_WARN_INT_CONVERSION = YES;
				CLANG_WARN_NON_LITERAL_NULL_CONVERSION = YES;
				CLANG_WARN_OBJC_IMPLICIT_RETAIN_SELF = YES;
				CLANG_WARN_OBJC_LITERAL_CONVERSION = YES;
				CLANG_WARN_OBJC_ROOT_CLASS = YES_ERROR;
				CLANG_WARN_QUOTED_INCLUDE_IN_FRAMEWORK_HEADER = YES;
				CLANG_WARN_RANGE_LOOP_ANALYSIS = YES;
				CLANG_WARN_STRICT_PROTOTYPES = YES;
				CLANG_WARN_SUSPICIOUS_MOVE = YES;
				CLANG_WARN_UNGUARDED_AVAILABILITY = YES_AGGRESSIVE;
				CLANG_WARN_UNREACHABLE_CODE = YES;
				CLANG_WARN__DUPLICATE_METHOD_MATCH = YES;
				COPY_PHASE_STRIP = NO;
				DEBUG_INFORMATION_FORMAT = dwarf;
				ENABLE_STRICT_OBJC_MSGSEND = YES;
				ENABLE_TESTABILITY = YES;
				ENABLE_USER_SCRIPT_SANDBOXING = YES;
				GCC_C_LANGUAGE_STANDARD = gnu17;
				GCC_DYNAMIC_NO_PIC = NO;
				GCC_NO_COMMON_BLOCKS = YES;
				GCC_OPTIMIZATION_LEVEL = 0;
				GCC_PREPROCESSOR_DEFINITIONS = (
					"DEBUG=1",
					"$(inherited)",
				);
				GCC_WARN_64_TO_32_BIT_CONVERSION = YES;
				GCC_WARN_ABOUT_RETURN_TYPE = YES_ERROR;
				GCC_WARN_UNDECLARED_SELECTOR = YES;
				GCC_WARN_UNINITIALIZED_AUTOS = YES_AGGRESSIVE;
				GCC_WARN_UNUSED_FUNCTION = YES;
				GCC_WARN_UNUSED_VARIABLE = YES;
				IPHONEOS_DEPLOYMENT_TARGET = 18.0;
				LOCALIZATION_PREFERS_STRING_CATALOGS = YES;
				MTL_ENABLE_DEBUG_INFO = INCLUDE_SOURCE;
				MTL_FAST_MATH = YES;
				ONLY_ACTIVE_ARCH = YES;
				SDKROOT = iphoneos;
				SWIFT_ACTIVE_COMPILATION_CONDITIONS = "DEBUG $(inherited)";
				SWIFT_OPTIMIZATION_LEVEL = "-Onone";
			};
			name = Debug;
		};
		3296898E2D8A1C4B00F7BA75 /* Release */ = {
			isa = XCBuildConfiguration;
			buildSettings = {
				ALWAYS_SEARCH_USER_PATHS = NO;
				ASSETCATALOG_COMPILER_GENERATE_SWIFT_ASSET_SYMBOL_EXTENSIONS = YES;
				CLANG_ANALYZER_NONNULL = YES;
				CLANG_ANALYZER_NUMBER_OBJECT_CONVERSION = YES_AGGRESSIVE;
				CLANG_CXX_LANGUAGE_STANDARD = "gnu++20";
				CLANG_ENABLE_MODULES = YES;
				CLANG_ENABLE_OBJC_ARC = YES;
				CLANG_ENABLE_OBJC_WEAK = YES;
				CLANG_WARN_BLOCK_CAPTURE_AUTORELEASING = YES;
				CLANG_WARN_BOOL_CONVERSION = YES;
				CLANG_WARN_COMMA = YES;
				CLANG_WARN_CONSTANT_CONVERSION = YES;
				CLANG_WARN_DEPRECATED_OBJC_IMPLEMENTATIONS = YES;
				CLANG_WARN_DIRECT_OBJC_ISA_USAGE = YES_ERROR;
				CLANG_WARN_DOCUMENTATION_COMMENTS = YES;
				CLANG_WARN_EMPTY_BODY = YES;
				CLANG_WARN_ENUM_CONVERSION = YES;
				CLANG_WARN_INFINITE_RECURSION = YES;
				CLANG_WARN_INT_CONVERSION = YES;
				CLANG_WARN_NON_LITERAL_NULL_CONVERSION = YES;
				CLANG_WARN_OBJC_IMPLICIT_RETAIN_SELF = YES;
				CLANG_WARN_OBJC_LITERAL_CONVERSION = YES;
				CLANG_WARN_OBJC_ROOT_CLASS = YES_ERROR;
				CLANG_WARN_QUOTED_INCLUDE_IN_FRAMEWORK_HEADER = YES;
				CLANG_WARN_RANGE_LOOP_ANALYSIS = YES;
				CLANG_WARN_STRICT_PROTOTYPES = YES;
				CLANG_WARN_SUSPICIOUS_MOVE = YES;
				CLANG_WARN_UNGUARDED_AVAILABILITY = YES_AGGRESSIVE;
				CLANG_WARN_UNREACHABLE_CODE = YES;
				CLANG_WARN__DUPLICATE_METHOD_MATCH = YES;
				COPY_PHASE_STRIP = NO;
				DEBUG_INFORMATION_FORMAT = "dwarf-with-dsym";
				ENABLE_NS_ASSERTIONS = NO;
				ENABLE_STRICT_OBJC_MSGSEND = YES;
				ENABLE_USER_SCRIPT_SANDBOXING = YES;
				GCC_C_LANGUAGE_STANDARD = gnu17;
				GCC_NO_COMMON_BLOCKS = YES;
				GCC_WARN_64_TO_32_BIT_CONVERSION = YES;
				GCC_WARN_ABOUT_RETURN_TYPE = YES_ERROR;
				GCC_WARN_UNDECLARED_SELECTOR = YES;
				GCC_WARN_UNINITIALIZED_AUTOS = YES_AGGRESSIVE;
				GCC_WARN_UNUSED_FUNCTION = YES;
				GCC_WARN_UNUSED_VARIABLE = YES;
				IPHONEOS_DEPLOYMENT_TARGET = 18.0;
				LOCALIZATION_PREFERS_STRING_CATALOGS = YES;
				MTL_ENABLE_DEBUG_INFO = NO;
				MTL_FAST_MATH = YES;
				SDKROOT = iphoneos;
				SWIFT_COMPILATION_MODE = wholemodule;
				VALIDATE_PRODUCT = YES;
			};
			name = Release;
		};
		329689902D8A1C4B00F7BA75 /* Debug */ = {
			isa = XCBuildConfiguration;
			buildSettings = {
				ASSETCATALOG_COMPILER_APPICON_NAME = AppIcon;
				ASSETCATALOG_COMPILER_GLOBAL_ACCENT_COLOR_NAME = AccentColor;
				CODE_SIGN_STYLE = Automatic;
				CURRENT_PROJECT_VERSION = 1;
				DEVELOPMENT_ASSET_PATHS = "\"TrafficLightApp/Preview Content\"";
				DEVELOPMENT_TEAM = T6V465LBZX;
				ENABLE_PREVIEWS = YES;
				GENERATE_INFOPLIST_FILE = YES;
				INFOPLIST_KEY_UIApplicationSceneManifest_Generation = YES;
				INFOPLIST_KEY_UIApplicationSupportsIndirectInputEvents = YES;
				INFOPLIST_KEY_UILaunchScreen_Generation = YES;
				INFOPLIST_KEY_UISupportedInterfaceOrientations_iPad = "UIInterfaceOrientationPortrait UIInterfaceOrientationPortraitUpsideDown UIInterfaceOrientationLandscapeLeft UIInterfaceOrientationLandscapeRight";
				INFOPLIST_KEY_UISupportedInterfaceOrientations_iPhone = "UIInterfaceOrientationPortrait UIInterfaceOrientationLandscapeLeft UIInterfaceOrientationLandscapeRight";
				LD_RUNPATH_SEARCH_PATHS = (
					"$(inherited)",
					"@executable_path/Frameworks",
				);
				MARKETING_VERSION = 1.0;
				PRODUCT_BUNDLE_IDENTIFIER = "com.svetlomirpetrov-gmail.TrafficLightApp";
				PRODUCT_NAME = "$(TARGET_NAME)";
				SWIFT_EMIT_LOC_STRINGS = YES;
				SWIFT_VERSION = 5.0;
				TARGETED_DEVICE_FAMILY = "1,2";
			};
			name = Debug;
		};
		329689912D8A1C4B00F7BA75 /* Release */ = {
			isa = XCBuildConfiguration;
			buildSettings = {
				ASSETCATALOG_COMPILER_APPICON_NAME = AppIcon;
				ASSETCATALOG_COMPILER_GLOBAL_ACCENT_COLOR_NAME = AccentColor;
				CODE_SIGN_STYLE = Automatic;
				CURRENT_PROJECT_VERSION = 1;
				DEVELOPMENT_ASSET_PATHS = "\"TrafficLightApp/Preview Content\"";
				DEVELOPMENT_TEAM = T6V465LBZX;
				ENABLE_PREVIEWS = YES;
				GENERATE_INFOPLIST_FILE = YES;
				INFOPLIST_KEY_UIApplicationSceneManifest_Generation = YES;
				INFOPLIST_KEY_UIApplicationSupportsIndirectInputEvents = YES;
				INFOPLIST_KEY_UILaunchScreen_Generation = YES;
				INFOPLIST_KEY_UISupportedInterfaceOrientations_iPad = "UIInterfaceOrientationPortrait UIInterfaceOrientationPortraitUpsideDown UIInterfaceOrientationLandscapeLeft UIInterfaceOrientationLandscapeRight";
				INFOPLIST_KEY_UISupportedInterfaceOrientations_iPhone = "UIInterfaceOrientationPortrait UIInterfaceOrientationLandscapeLeft UIInterfaceOrientationLandscapeRight";
				LD_RUNPATH_SEARCH_PATHS = (
					"$(inherited)",
					"@executable_path/Frameworks",
				);
				MARKETING_VERSION = 1.0;
				PRODUCT_BUNDLE_IDENTIFIER = "com.svetlomirpetrov-gmail.TrafficLightApp";
				PRODUCT_NAME = "$(TARGET_NAME)";
				SWIFT_EMIT_LOC_STRINGS = YES;
				SWIFT_VERSION = 5.0;
				TARGETED_DEVICE_FAMILY = "1,2";
			};
			name = Release;
		};
		329689932D8A1C4B00F7BA75 /* Debug */ = {
			isa = XCBuildConfiguration;
			buildSettings = {
				BUNDLE_LOADER = "$(TEST_HOST)";
				CODE_SIGN_STYLE = Automatic;
				CURRENT_PROJECT_VERSION = 1;
				DEVELOPMENT_TEAM = T6V465LBZX;
				GENERATE_INFOPLIST_FILE = YES;
				IPHONEOS_DEPLOYMENT_TARGET = 18.0;
				MARKETING_VERSION = 1.0;
				PRODUCT_BUNDLE_IDENTIFIER = "com.svetlomirpetrov-gmail.TrafficLightAppTests";
				PRODUCT_NAME = "$(TARGET_NAME)";
				SWIFT_EMIT_LOC_STRINGS = NO;
				SWIFT_VERSION = 5.0;
				TARGETED_DEVICE_FAMILY = "1,2";
				TEST_HOST = "$(BUILT_PRODUCTS_DIR)/TrafficLightApp.app/$(BUNDLE_EXECUTABLE_FOLDER_PATH)/TrafficLightApp";
			};
			name = Debug;
		};
		329689942D8A1C4B00F7BA75 /* Release */ = {
			isa = XCBuildConfiguration;
			buildSettings = {
				BUNDLE_LOADER = "$(TEST_HOST)";
				CODE_SIGN_STYLE = Automatic;
				CURRENT_PROJECT_VERSION = 1;
				DEVELOPMENT_TEAM = T6V465LBZX;
				GENERATE_INFOPLIST_FILE = YES;
				IPHONEOS_DEPLOYMENT_TARGET = 18.0;
				MARKETING_VERSION = 1.0;
				PRODUCT_BUNDLE_IDENTIFIER = "com.svetlomirpetrov-gmail.TrafficLightAppTests";
				PRODUCT_NAME = "$(TARGET_NAME)";
				SWIFT_EMIT_LOC_STRINGS = NO;
				SWIFT_VERSION = 5.0;
				TARGETED_DEVICE_FAMILY = "1,2";
				TEST_HOST = "$(BUILT_PRODUCTS_DIR)/TrafficLightApp.app/$(BUNDLE_EXECUTABLE_FOLDER_PATH)/TrafficLightApp";
			};
			name = Release;
		};
		329689962D8A1C4B00F7BA75 /* Debug */ = {
			isa = XCBuildConfiguration;
			buildSettings = {
				CODE_SIGN_STYLE = Automatic;
				CURRENT_PROJECT_VERSION = 1;
				DEVELOPMENT_TEAM = T6V465LBZX;
				GENERATE_INFOPLIST_FILE = YES;
				MARKETING_VERSION = 1.0;
				PRODUCT_BUNDLE_IDENTIFIER = "com.svetlomirpetrov-gmail.TrafficLightAppUITests";
				PRODUCT_NAME = "$(TARGET_NAME)";
				SWIFT_EMIT_LOC_STRINGS = NO;
				SWIFT_VERSION = 5.0;
				TARGETED_DEVICE_FAMILY = "1,2";
				TEST_TARGET_NAME = TrafficLightApp;
			};
			name = Debug;
		};
		329689972D8A1C4B00F7BA75 /* Release */ = {
			isa = XCBuildConfiguration;
			buildSettings = {
				CODE_SIGN_STYLE = Automatic;
				CURRENT_PROJECT_VERSION = 1;
				DEVELOPMENT_TEAM = T6V465LBZX;
				GENERATE_INFOPLIST_FILE = YES;
				MARKETING_VERSION = 1.0;
				PRODUCT_BUNDLE_IDENTIFIER = "com.svetlomirpetrov-gmail.TrafficLightAppUITests";
				PRODUCT_NAME = "$(TARGET_NAME)";
				SWIFT_EMIT_LOC_STRINGS = NO;
				SWIFT_VERSION = 5.0;
				TARGETED_DEVICE_FAMILY = "1,2";
				TEST_TARGET_NAME = TrafficLightApp;
			};
			name = Release;
		};
/* End XCBuildConfiguration section */

/* Begin XCConfigurationList section */
		329689662D8A1C4900F7BA75 /* Build configuration list for PBXProject "TrafficLightApp" */ = {
			isa = XCConfigurationList;
			buildConfigurations = (
				3296898D2D8A1C4B00F7BA75 /* Debug */,
				3296898E2D8A1C4B00F7BA75 /* Release */,
			);
			defaultConfigurationIsVisible = 0;
			defaultConfigurationName = Release;
		};
		3296898F2D8A1C4B00F7BA75 /* Build configuration list for PBXNativeTarget "TrafficLightApp" */ = {
			isa = XCConfigurationList;
			buildConfigurations = (
				329689902D8A1C4B00F7BA75 /* Debug */,
				329689912D8A1C4B00F7BA75 /* Release */,
			);
			defaultConfigurationIsVisible = 0;
			defaultConfigurationName = Release;
		};
		329689922D8A1C4B00F7BA75 /* Build configuration list for PBXNativeTarget "TrafficLightAppTests" */ = {
			isa = XCConfigurationList;
			buildConfigurations = (
				329689932D8A1C4B00F7BA75 /* Debug */,
				329689942D8A1C4B00F7BA75 /* Release */,
			);
			defaultConfigurationIsVisible = 0;
			defaultConfigurationName = Release;
		};
		329689952D8A1C4B00F7BA75 /* Build configuration list for PBXNativeTarget "TrafficLightAppUITests" */ = {
			isa = XCConfigurationList;
			buildConfigurations = (
				329689962D8A1C4B00F7BA75 /* Debug */,
				329689972D8A1C4B00F7BA75 /* Release */,
			);
			defaultConfigurationIsVisible = 0;
			defaultConfigurationName = Release;
		};
/* End XCConfigurationList section */
	};
	rootObject = 329689632D8A1C4900F7BA75 /* Project object */;
}
